
Microsoft Visual Studio Solution File, Format Version 12.00
# Visual Studio 15
VisualStudioVersion = 15.0.26124.0
MinimumVisualStudioVersion = 15.0.26124.0
Project("{FAE04EC0-301F-11D3-BF4B-00C04F79EFBC}") = "Sample.Serilog", "Serilog\Sample.Serilog\Sample.Serilog.csproj", "{A25A74B3-B971-4EE8-ACB5-EE84FCF085BF}"
EndProject
Project("{FAE04EC0-301F-11D3-BF4B-00C04F79EFBC}") = "Sample.Serilog.ElasticSearch", "Serilog\Sample.Serilog.ElasticSearch\Sample.Serilog.ElasticSearch.csproj", "{5D82415F-5C62-4F04-81BF-C8FBA3E88F6B}"
EndProject
Project("{2150E333-8FDC-42A3-9474-1A3956D46DE8}") = "Serilog", "Serilog", "{D15A640B-1AB5-4CD3-B0BA-FF5B3B74F1AE}"
EndProject
Global
	GlobalSection(SolutionConfigurationPlatforms) = preSolution
		Debug|Any CPU = Debug|Any CPU
		Debug|x64 = Debug|x64
		Debug|x86 = Debug|x86
		Release|Any CPU = Release|Any CPU
		Release|x64 = Release|x64
		Release|x86 = Release|x86
	EndGlobalSection
	GlobalSection(SolutionProperties) = preSolution
		HideSolutionNode = FALSE
	EndGlobalSection
	GlobalSection(ProjectConfigurationPlatforms) = postSolution
		{A25A74B3-B971-4EE8-ACB5-EE84FCF085BF}.Debug|Any CPU.ActiveCfg = Debug|Any CPU
		{A25A74B3-B971-4EE8-ACB5-EE84FCF085BF}.Debug|Any CPU.Build.0 = Debug|Any CPU
		{A25A74B3-B971-4EE8-ACB5-EE84FCF085BF}.Debug|x64.ActiveCfg = Debug|Any CPU
		{A25A74B3-B971-4EE8-ACB5-EE84FCF085BF}.Debug|x64.Build.0 = Debug|Any CPU
		{A25A74B3-B971-4EE8-ACB5-EE84FCF085BF}.Debug|x86.ActiveCfg = Debug|Any CPU
		{A25A74B3-B971-4EE8-ACB5-EE84FCF085BF}.Debug|x86.Build.0 = Debug|Any CPU
		{A25A74B3-B971-4EE8-ACB5-EE84FCF085BF}.Release|Any CPU.ActiveCfg = Release|Any CPU
		{A25A74B3-B971-4EE8-ACB5-EE84FCF085BF}.Release|Any CPU.Build.0 = Release|Any CPU
		{A25A74B3-B971-4EE8-ACB5-EE84FCF085BF}.Release|x64.ActiveCfg = Release|Any CPU
		{A25A74B3-B971-4EE8-ACB5-EE84FCF085BF}.Release|x64.Build.0 = Release|Any CPU
		{A25A74B3-B971-4EE8-ACB5-EE84FCF085BF}.Release|x86.ActiveCfg = Release|Any CPU
		{A25A74B3-B971-4EE8-ACB5-EE84FCF085BF}.Release|x86.Build.0 = Release|Any CPU
		{5D82415F-5C62-4F04-81BF-C8FBA3E88F6B}.Debug|Any CPU.ActiveCfg = Debug|Any CPU
		{5D82415F-5C62-4F04-81BF-C8FBA3E88F6B}.Debug|Any CPU.Build.0 = Debug|Any CPU
		{5D82415F-5C62-4F04-81BF-C8FBA3E88F6B}.Debug|x64.ActiveCfg = Debug|Any CPU
		{5D82415F-5C62-4F04-81BF-C8FBA3E88F6B}.Debug|x64.Build.0 = Debug|Any CPU
		{5D82415F-5C62-4F04-81BF-C8FBA3E88F6B}.Debug|x86.ActiveCfg = Debug|Any CPU
		{5D82415F-5C62-4F04-81BF-C8FBA3E88F6B}.Debug|x86.Build.0 = Debug|Any CPU
		{5D82415F-5C62-4F04-81BF-C8FBA3E88F6B}.Release|Any CPU.ActiveCfg = Release|Any CPU
		{5D82415F-5C62-4F04-81BF-C8FBA3E88F6B}.Release|Any CPU.Build.0 = Release|Any CPU
		{5D82415F-5C62-4F04-81BF-C8FBA3E88F6B}.Release|x64.ActiveCfg = Release|Any CPU
		{5D82415F-5C62-4F04-81BF-C8FBA3E88F6B}.Release|x64.Build.0 = Release|Any CPU
		{5D82415F-5C62-4F04-81BF-C8FBA3E88F6B}.Release|x86.ActiveCfg = Release|Any CPU
		{5D82415F-5C62-4F04-81BF-C8FBA3E88F6B}.Release|x86.Build.0 = Release|Any CPU
	EndGlobalSection
	GlobalSection(NestedProjects) = preSolution
		{A25A74B3-B971-4EE8-ACB5-EE84FCF085BF} = {D15A640B-1AB5-4CD3-B0BA-FF5B3B74F1AE}
		{5D82415F-5C62-4F04-81BF-C8FBA3E88F6B} = {D15A640B-1AB5-4CD3-B0BA-FF5B3B74F1AE}
	EndGlobalSection
EndGlobal
